
Microsoft Visual Studio Solution File, Format Version 12.00
# Visual Studio Version 17
VisualStudioVersion = 17.12.35527.113 d17.12
MinimumVisualStudioVersion = 10.0.40219.1
Project("{FAE04EC0-301F-11D3-BF4B-00C04F79EFBC}") = "MyHomeWorks", "MyHomeWorks.csproj", "{FE066BCB-5704-4751-9489-27612E82E8A9}"
EndProject
Project("{FAE04EC0-301F-11D3-BF4B-00C04F79EFBC}") = "TMS_HomeWork3", "..\TMS_HomeWork3\TMS_HomeWork3.csproj", "{058674DD-8FC8-4A50-8BC3-815C40A08F9C}"
EndProject
Project("{FAE04EC0-301F-11D3-BF4B-00C04F79EFBC}") = "TMS_HomeWork4", "..\TMS_HomeWork4\TMS_HomeWork4.csproj", "{F7C05FBD-7362-49C7-997F-C667CE898EFC}"
EndProject
Project("{FAE04EC0-301F-11D3-BF4B-00C04F79EFBC}") = "TMS_HomeWork5", "..\TMS_HomeWork5\TMS_HomeWork5\TMS_HomeWork5.csproj", "{83395C56-6C5B-4CCA-AA73-3C273D287868}"
EndProject
Global
	GlobalSection(SolutionConfigurationPlatforms) = preSolution
		Debug|Any CPU = Debug|Any CPU
		Release|Any CPU = Release|Any CPU
	EndGlobalSection
	GlobalSection(ProjectConfigurationPlatforms) = postSolution
		{FE066BCB-5704-4751-9489-27612E82E8A9}.Debug|Any CPU.ActiveCfg = Debug|Any CPU
		{FE066BCB-5704-4751-9489-27612E82E8A9}.Debug|Any CPU.Build.0 = Debug|Any CPU
		{FE066BCB-5704-4751-9489-27612E82E8A9}.Release|Any CPU.ActiveCfg = Release|Any CPU
		{FE066BCB-5704-4751-9489-27612E82E8A9}.Release|Any CPU.Build.0 = Release|Any CPU
		{058674DD-8FC8-4A50-8BC3-815C40A08F9C}.Debug|Any CPU.ActiveCfg = Debug|Any CPU
		{058674DD-8FC8-4A50-8BC3-815C40A08F9C}.Debug|Any CPU.Build.0 = Debug|Any CPU
		{058674DD-8FC8-4A50-8BC3-815C40A08F9C}.Release|Any CPU.ActiveCfg = Release|Any CPU
		{058674DD-8FC8-4A50-8BC3-815C40A08F9C}.Release|Any CPU.Build.0 = Release|Any CPU
		{F7C05FBD-7362-49C7-997F-C667CE898EFC}.Debug|Any CPU.ActiveCfg = Debug|Any CPU
		{F7C05FBD-7362-49C7-997F-C667CE898EFC}.Debug|Any CPU.Build.0 = Debug|Any CPU
		{F7C05FBD-7362-49C7-997F-C667CE898EFC}.Release|Any CPU.ActiveCfg = Release|Any CPU
		{F7C05FBD-7362-49C7-997F-C667CE898EFC}.Release|Any CPU.Build.0 = Release|Any CPU
		{83395C56-6C5B-4CCA-AA73-3C273D287868}.Debug|Any CPU.ActiveCfg = Debug|Any CPU
		{83395C56-6C5B-4CCA-AA73-3C273D287868}.Debug|Any CPU.Build.0 = Debug|Any CPU
		{83395C56-6C5B-4CCA-AA73-3C273D287868}.Release|Any CPU.ActiveCfg = Release|Any CPU
		{83395C56-6C5B-4CCA-AA73-3C273D287868}.Release|Any CPU.Build.0 = Release|Any CPU
	EndGlobalSection
	GlobalSection(SolutionProperties) = preSolution
		HideSolutionNode = FALSE
	EndGlobalSection
EndGlobal
