
Microsoft Visual Studio Solution File, Format Version 12.00
# Visual Studio Version 17
VisualStudioVersion = 17.12.35527.113 d17.12
MinimumVisualStudioVersion = 10.0.40219.1
Project("{FAE04EC0-301F-11D3-BF4B-00C04F79EFBC}") = "FinalHomeWorks", "FinalHomeWorks.csproj", "{68716355-1BE2-4FF1-BB5B-F06DED678E91}"
EndProject
Project("{FAE04EC0-301F-11D3-BF4B-00C04F79EFBC}") = "TMS_HomeWork3", "..\..\TMS_HomeWork3\TMS_HomeWork3.csproj", "{621FA1A7-3900-4CA2-805A-29F2D18ECDDA}"
EndProject
Project("{FAE04EC0-301F-11D3-BF4B-00C04F79EFBC}") = "TMS_HomeWork4", "..\..\TMS_HomeWork4\TMS_HomeWork4.csproj", "{21D0D73E-E3F6-4162-A682-E3788E0242F7}"
EndProject
Project("{FAE04EC0-301F-11D3-BF4B-00C04F79EFBC}") = "TMS_HomeWork5", "..\TMS_HomeWork5\TMS_HomeWork5.csproj", "{4659FF95-CA1B-4953-B549-F74E08BD35AA}"
EndProject
Global
	GlobalSection(SolutionConfigurationPlatforms) = preSolution
		Debug|Any CPU = Debug|Any CPU
		Release|Any CPU = Release|Any CPU
	EndGlobalSection
	GlobalSection(ProjectConfigurationPlatforms) = postSolution
		{68716355-1BE2-4FF1-BB5B-F06DED678E91}.Debug|Any CPU.ActiveCfg = Debug|Any CPU
		{68716355-1BE2-4FF1-BB5B-F06DED678E91}.Debug|Any CPU.Build.0 = Debug|Any CPU
		{68716355-1BE2-4FF1-BB5B-F06DED678E91}.Release|Any CPU.ActiveCfg = Release|Any CPU
		{68716355-1BE2-4FF1-BB5B-F06DED678E91}.Release|Any CPU.Build.0 = Release|Any CPU
		{621FA1A7-3900-4CA2-805A-29F2D18ECDDA}.Debug|Any CPU.ActiveCfg = Debug|Any CPU
		{621FA1A7-3900-4CA2-805A-29F2D18ECDDA}.Debug|Any CPU.Build.0 = Debug|Any CPU
		{621FA1A7-3900-4CA2-805A-29F2D18ECDDA}.Release|Any CPU.ActiveCfg = Release|Any CPU
		{621FA1A7-3900-4CA2-805A-29F2D18ECDDA}.Release|Any CPU.Build.0 = Release|Any CPU
		{21D0D73E-E3F6-4162-A682-E3788E0242F7}.Debug|Any CPU.ActiveCfg = Debug|Any CPU
		{21D0D73E-E3F6-4162-A682-E3788E0242F7}.Debug|Any CPU.Build.0 = Debug|Any CPU
		{21D0D73E-E3F6-4162-A682-E3788E0242F7}.Release|Any CPU.ActiveCfg = Release|Any CPU
		{21D0D73E-E3F6-4162-A682-E3788E0242F7}.Release|Any CPU.Build.0 = Release|Any CPU
		{4659FF95-CA1B-4953-B549-F74E08BD35AA}.Debug|Any CPU.ActiveCfg = Debug|Any CPU
		{4659FF95-CA1B-4953-B549-F74E08BD35AA}.Debug|Any CPU.Build.0 = Debug|Any CPU
		{4659FF95-CA1B-4953-B549-F74E08BD35AA}.Release|Any CPU.ActiveCfg = Release|Any CPU
		{4659FF95-CA1B-4953-B549-F74E08BD35AA}.Release|Any CPU.Build.0 = Release|Any CPU
	EndGlobalSection
	GlobalSection(SolutionProperties) = preSolution
		HideSolutionNode = FALSE
	EndGlobalSection
EndGlobal
